
Microsoft Visual Studio Solution File, Format Version 12.00
# Visual Studio Version 18
VisualStudioVersion = 18.5.11723.231
MinimumVisualStudioVersion = 10.0.40219.1
Project("{FAE04EC0-301F-11D3-BF4B-00C04F79EFBC}") = "Api", "Api\Api.csproj", "{A1B2C3D4-E5F6-47A8-B9C0-D1E2F3A4B5C6}"
EndProject
Project("{FAE04EC0-301F-11D3-BF4B-00C04F79EFBC}") = "Authentication.DomainService", "Authentication.DomainService\Authentication.DomainService.csproj", "{B2C3D4E5-F6A7-48B9-C0D1-E2F3A4B5C6D7}"
EndProject
Project("{FAE04EC0-301F-11D3-BF4B-00C04F79EFBC}") = "Captcha.Driver", "Captcha.Driver\Captcha.Driver.csproj", "{C3D4E5F6-A7B8-49CA-D1E2-F3A4B5C6D7E8}"
EndProject

Project("{FAE04EC0-301F-11D3-BF4B-00C04F79EFBC}") = "Iam.DomainService", "Iam.DomainService\Iam.DomainService.csproj", "{D4E5F6A7-B8C9-4ACB-E2F3-A4B5C6D7E8F9}"
EndProject
Project("{FAE04EC0-301F-11D3-BF4B-00C04F79EFBC}") = "Mfa.DomainService", "Mfa.DomainService\Mfa.DomainService.csproj", "{F6A7B8C9-DAEB-4CED-A4B5-C6D7E8F9A0B1}"
EndProject
Project("{FAE04EC0-301F-11D3-BF4B-00C04F79EFBC}") = "Worker", "Worker\Worker.csproj", "{A7B8C9DA-EBFC-4DFE-B5C6-D7E8F9A0B1C2}"
EndProject
Global
	GlobalSection(SolutionConfigurationPlatforms) = preSolution
		Debug|Any CPU = Debug|Any CPU
		Release|Any CPU = Release|Any CPU
	EndGlobalSection
	GlobalSection(ProjectConfigurationPlatforms) = postSolution
		{A1B2C3D4-E5F6-47A8-B9C0-D1E2F3A4B5C6}.Debug|Any CPU.ActiveCfg = Debug|Any CPU
		{A1B2C3D4-E5F6-47A8-B9C0-D1E2F3A4B5C6}.Debug|Any CPU.Build.0 = Debug|Any CPU
		{A1B2C3D4-E5F6-47A8-B9C0-D1E2F3A4B5C6}.Release|Any CPU.ActiveCfg = Release|Any CPU
		{A1B2C3D4-E5F6-47A8-B9C0-D1E2F3A4B5C6}.Release|Any CPU.Build.0 = Release|Any CPU
		{B2C3D4E5-F6A7-48B9-C0D1-E2F3A4B5C6D7}.Debug|Any CPU.ActiveCfg = Debug|Any CPU
		{B2C3D4E5-F6A7-48B9-C0D1-E2F3A4B5C6D7}.Debug|Any CPU.Build.0 = Debug|Any CPU
		{B2C3D4E5-F6A7-48B9-C0D1-E2F3A4B5C6D7}.Release|Any CPU.ActiveCfg = Release|Any CPU
		{B2C3D4E5-F6A7-48B9-C0D1-E2F3A4B5C6D7}.Release|Any CPU.Build.0 = Release|Any CPU
		{C3D4E5F6-A7B8-49CA-D1E2-F3A4B5C6D7E8}.Debug|Any CPU.ActiveCfg = Debug|Any CPU
		{C3D4E5F6-A7B8-49CA-D1E2-F3A4B5C6D7E8}.Debug|Any CPU.Build.0 = Debug|Any CPU
		{C3D4E5F6-A7B8-49CA-D1E2-F3A4B5C6D7E8}.Release|Any CPU.ActiveCfg = Release|Any CPU
		{C3D4E5F6-A7B8-49CA-D1E2-F3A4B5C6D7E8}.Release|Any CPU.Build.0 = Release|Any CPU
		{D4E5F6A7-B8C9-4ACB-E2F3-A4B5C6D7E8F9}.Debug|Any CPU.ActiveCfg = Debug|Any CPU
		{D4E5F6A7-B8C9-4ACB-E2F3-A4B5C6D7E8F9}.Debug|Any CPU.Build.0 = Debug|Any CPU
		{D4E5F6A7-B8C9-4ACB-E2F3-A4B5C6D7E8F9}.Release|Any CPU.ActiveCfg = Release|Any CPU
		{D4E5F6A7-B8C9-4ACB-E2F3-A4B5C6D7E8F9}.Release|Any CPU.Build.0 = Release|Any CPU
		{F6A7B8C9-DAEB-4CED-A4B5-C6D7E8F9A0B1}.Debug|Any CPU.ActiveCfg = Debug|Any CPU
		{F6A7B8C9-DAEB-4CED-A4B5-C6D7E8F9A0B1}.Debug|Any CPU.Build.0 = Debug|Any CPU
		{F6A7B8C9-DAEB-4CED-A4B5-C6D7E8F9A0B1}.Release|Any CPU.ActiveCfg = Release|Any CPU
		{F6A7B8C9-DAEB-4CED-A4B5-C6D7E8F9A0B1}.Release|Any CPU.Build.0 = Release|Any CPU
		{A7B8C9DA-EBFC-4DFE-B5C6-D7E8F9A0B1C2}.Debug|Any CPU.ActiveCfg = Debug|Any CPU
		{A7B8C9DA-EBFC-4DFE-B5C6-D7E8F9A0B1C2}.Debug|Any CPU.Build.0 = Debug|Any CPU
		{A7B8C9DA-EBFC-4DFE-B5C6-D7E8F9A0B1C2}.Release|Any CPU.ActiveCfg = Release|Any CPU
		{A7B8C9DA-EBFC-4DFE-B5C6-D7E8F9A0B1C2}.Release|Any CPU.Build.0 = Release|Any CPU
	EndGlobalSection
	GlobalSection(SolutionProperties) = preSolution
		HideSolutionNode = FALSE
	EndGlobalSection
	GlobalSection(ExtensibilityGlobals) = postSolution
		SolutionGuid = {97DAAA7E-7663-492D-B223-7A290258BA77}
	EndGlobalSection
EndGlobal
